
Microsoft Visual Studio Solution File, Format Version 12.00
# Visual Studio 15
Project("{FAE04EC0-301F-11D3-BF4B-00C04F79EFBC}") = "Assembly-CSharp", "Assembly-CSharp.csproj", "{D00022D8-C226-ED75-8E7D-2D879F914BD7}"
EndProject
Project("{FAE04EC0-301F-11D3-BF4B-00C04F79EFBC}") = "Assembly-CSharp-Editor", "Assembly-CSharp-Editor.csproj", "{7F4A1B09-C7D4-E633-E6BD-4B5C8B518A89}"
EndProject
Global
	GlobalSection(SolutionConfigurationPlatforms) = preSolution
		Debug|Any CPU = Debug|Any CPU
		Release|Any CPU = Release|Any CPU
	EndGlobalSection
	GlobalSection(ProjectConfigurationPlatforms) = postSolution
		{D00022D8-C226-ED75-8E7D-2D879F914BD7}.Debug|Any CPU.ActiveCfg = Debug|Any CPU
		{D00022D8-C226-ED75-8E7D-2D879F914BD7}.Debug|Any CPU.Build.0 = Debug|Any CPU
		{D00022D8-C226-ED75-8E7D-2D879F914BD7}.Release|Any CPU.ActiveCfg = Release|Any CPU
		{D00022D8-C226-ED75-8E7D-2D879F914BD7}.Release|Any CPU.Build.0 = Release|Any CPU
		{7F4A1B09-C7D4-E633-E6BD-4B5C8B518A89}.Debug|Any CPU.ActiveCfg = Debug|Any CPU
		{7F4A1B09-C7D4-E633-E6BD-4B5C8B518A89}.Debug|Any CPU.Build.0 = Debug|Any CPU
		{7F4A1B09-C7D4-E633-E6BD-4B5C8B518A89}.Release|Any CPU.ActiveCfg = Release|Any CPU
		{7F4A1B09-C7D4-E633-E6BD-4B5C8B518A89}.Release|Any CPU.Build.0 = Release|Any CPU
	EndGlobalSection
	GlobalSection(SolutionProperties) = preSolution
		HideSolutionNode = FALSE
	EndGlobalSection
EndGlobal
